
Microsoft Visual Studio Solution File, Format Version 12.00
# Visual Studio Version 17
VisualStudioVersion = 17.11.35219.272
MinimumVisualStudioVersion = 10.0.40219.1
Project("{8BC9CEB8-8B4A-11D0-8D11-00A0C91BC942}") = "HelloW10", "AlgoritmosM\AlgoritmosM.vcxproj", "{F79AA035-09C1-4B32-B2B0-5B2030690019}"
EndProject
Project("{8BC9CEB8-8B4A-11D0-8D11-00A0C91BC942}") = "char", "char\char.vcxproj", "{0D22FEFC-8047-47D5-AA17-8EFA20D620D0}"
EndProject
Project("{8BC9CEB8-8B4A-11D0-8D11-00A0C91BC942}") = "charA2", "charA2\charA2.vcxproj", "{2D41DD3F-0BD6-44CF-83F2-2CBB15DDFFAC}"
EndProject
Project("{8BC9CEB8-8B4A-11D0-8D11-00A0C91BC942}") = "datatype", "datatype\datatype.vcxproj", "{6E44BC8F-1C10-468F-83C2-98FAFD5653E0}"
EndProject
Project("{8BC9CEB8-8B4A-11D0-8D11-00A0C91BC942}") = "pointer", "pointer\pointer.vcxproj", "{7C69508B-43E1-4AC9-B7D9-A32A68320C0C}"
EndProject
Project("{8BC9CEB8-8B4A-11D0-8D11-00A0C91BC942}") = "addressof", "addressof\addressof.vcxproj", "{EC9EFEF0-35AB-4433-98E2-DF62C8E7FD4F}"
EndProject
Project("{8BC9CEB8-8B4A-11D0-8D11-00A0C91BC942}") = "addressoft2", "addressoft2\addressoft2.vcxproj", "{7FBAB075-B755-422F-86DD-EE9195E4F7E5}"
EndProject
Project("{8BC9CEB8-8B4A-11D0-8D11-00A0C91BC942}") = "commandline", "commandline\commandline.vcxproj", "{B4FF54BF-381B-40A7-949E-8332742B91D1}"
EndProject
Project("{8BC9CEB8-8B4A-11D0-8D11-00A0C91BC942}") = "convert", "convert\convert.vcxproj", "{5CDB794F-04C5-425F-AF68-E31EE84DB869}"
EndProject
Project("{8BC9CEB8-8B4A-11D0-8D11-00A0C91BC942}") = "convert2", "convert2\convert2.vcxproj", "{183B7BE3-B615-40A4-AA0A-69C8617EF828}"
EndProject
Project("{8BC9CEB8-8B4A-11D0-8D11-00A0C91BC942}") = "fmt", "fmt\fmt.vcxproj", "{84446C63-50CA-41B3-96D9-D16223CC3E3D}"
EndProject
Project("{8BC9CEB8-8B4A-11D0-8D11-00A0C91BC942}") = "input", "input\input.vcxproj", "{F599692A-43D2-4ABD-9B98-24AE8BCD65BC}"
EndProject
Project("{8BC9CEB8-8B4A-11D0-8D11-00A0C91BC942}") = "pointer_types", "pointer_types\pointer_types.vcxproj", "{5CC9D8F6-5ECB-43C6-9EB5-7BC81F7B2C5F}"
EndProject
Project("{8BC9CEB8-8B4A-11D0-8D11-00A0C91BC942}") = "pointer_types2", "pointer_types2\pointer_types2.vcxproj", "{39E55ED1-5F62-4A39-B904-E958221509E8}"
EndProject
Project("{8BC9CEB8-8B4A-11D0-8D11-00A0C91BC942}") = "pointer_types3", "pointer_types3\pointer_types3.vcxproj", "{DE3190B0-AF74-4E5B-98B4-FC8F950D392C}"
EndProject
Project("{8BC9CEB8-8B4A-11D0-8D11-00A0C91BC942}") = "pointer_types4", "pointer_types4\pointer_types4.vcxproj", "{8FF0A629-2F35-401A-986B-93B091C5F730}"
EndProject
Project("{8BC9CEB8-8B4A-11D0-8D11-00A0C91BC942}") = "pointer_types5", "pointer_types5\pointer_types5.vcxproj", "{41D616F7-DB35-4BDB-B48E-1FA24DAA90A0}"
EndProject
Project("{8BC9CEB8-8B4A-11D0-8D11-00A0C91BC942}") = "scope", "scope\scope.vcxproj", "{76C8AFE3-B736-42B4-AAE8-E8CA694F9C87}"
EndProject
Project("{8BC9CEB8-8B4A-11D0-8D11-00A0C91BC942}") = "scope2", "scope2\scope2.vcxproj", "{4A0F009B-DA8D-42AC-B3F1-F0EDDD3D1291}"
EndProject
Project("{8BC9CEB8-8B4A-11D0-8D11-00A0C91BC942}") = "static", "static\static.vcxproj", "{EAB18E2B-FBA6-4D7A-B904-CDA502667A67}"
EndProject
Project("{8BC9CEB8-8B4A-11D0-8D11-00A0C91BC942}") = "static2", "static2\static2.vcxproj", "{0AC2067D-F08F-45F8-B603-59B5F4A14229}"
EndProject
Global
	GlobalSection(SolutionConfigurationPlatforms) = preSolution
		Debug|x64 = Debug|x64
		Debug|x86 = Debug|x86
		Release|x64 = Release|x64
		Release|x86 = Release|x86
	EndGlobalSection
	GlobalSection(ProjectConfigurationPlatforms) = postSolution
		{F79AA035-09C1-4B32-B2B0-5B2030690019}.Debug|x64.ActiveCfg = Debug|x64
		{F79AA035-09C1-4B32-B2B0-5B2030690019}.Debug|x64.Build.0 = Debug|x64
		{F79AA035-09C1-4B32-B2B0-5B2030690019}.Debug|x86.ActiveCfg = Debug|Win32
		{F79AA035-09C1-4B32-B2B0-5B2030690019}.Debug|x86.Build.0 = Debug|Win32
		{F79AA035-09C1-4B32-B2B0-5B2030690019}.Release|x64.ActiveCfg = Release|x64
		{F79AA035-09C1-4B32-B2B0-5B2030690019}.Release|x64.Build.0 = Release|x64
		{F79AA035-09C1-4B32-B2B0-5B2030690019}.Release|x86.ActiveCfg = Release|Win32
		{F79AA035-09C1-4B32-B2B0-5B2030690019}.Release|x86.Build.0 = Release|Win32
		{0D22FEFC-8047-47D5-AA17-8EFA20D620D0}.Debug|x64.ActiveCfg = Debug|x64
		{0D22FEFC-8047-47D5-AA17-8EFA20D620D0}.Debug|x64.Build.0 = Debug|x64
		{0D22FEFC-8047-47D5-AA17-8EFA20D620D0}.Debug|x86.ActiveCfg = Debug|Win32
		{0D22FEFC-8047-47D5-AA17-8EFA20D620D0}.Debug|x86.Build.0 = Debug|Win32
		{0D22FEFC-8047-47D5-AA17-8EFA20D620D0}.Release|x64.ActiveCfg = Release|x64
		{0D22FEFC-8047-47D5-AA17-8EFA20D620D0}.Release|x64.Build.0 = Release|x64
		{0D22FEFC-8047-47D5-AA17-8EFA20D620D0}.Release|x86.ActiveCfg = Release|Win32
		{0D22FEFC-8047-47D5-AA17-8EFA20D620D0}.Release|x86.Build.0 = Release|Win32
		{2D41DD3F-0BD6-44CF-83F2-2CBB15DDFFAC}.Debug|x64.ActiveCfg = Debug|x64
		{2D41DD3F-0BD6-44CF-83F2-2CBB15DDFFAC}.Debug|x64.Build.0 = Debug|x64
		{2D41DD3F-0BD6-44CF-83F2-2CBB15DDFFAC}.Debug|x86.ActiveCfg = Debug|Win32
		{2D41DD3F-0BD6-44CF-83F2-2CBB15DDFFAC}.Debug|x86.Build.0 = Debug|Win32
		{2D41DD3F-0BD6-44CF-83F2-2CBB15DDFFAC}.Release|x64.ActiveCfg = Release|x64
		{2D41DD3F-0BD6-44CF-83F2-2CBB15DDFFAC}.Release|x64.Build.0 = Release|x64
		{2D41DD3F-0BD6-44CF-83F2-2CBB15DDFFAC}.Release|x86.ActiveCfg = Release|Win32
		{2D41DD3F-0BD6-44CF-83F2-2CBB15DDFFAC}.Release|x86.Build.0 = Release|Win32
		{6E44BC8F-1C10-468F-83C2-98FAFD5653E0}.Debug|x64.ActiveCfg = Debug|x64
		{6E44BC8F-1C10-468F-83C2-98FAFD5653E0}.Debug|x64.Build.0 = Debug|x64
		{6E44BC8F-1C10-468F-83C2-98FAFD5653E0}.Debug|x86.ActiveCfg = Debug|Win32
		{6E44BC8F-1C10-468F-83C2-98FAFD5653E0}.Debug|x86.Build.0 = Debug|Win32
		{6E44BC8F-1C10-468F-83C2-98FAFD5653E0}.Release|x64.ActiveCfg = Release|x64
		{6E44BC8F-1C10-468F-83C2-98FAFD5653E0}.Release|x64.Build.0 = Release|x64
		{6E44BC8F-1C10-468F-83C2-98FAFD5653E0}.Release|x86.ActiveCfg = Release|Win32
		{6E44BC8F-1C10-468F-83C2-98FAFD5653E0}.Release|x86.Build.0 = Release|Win32
		{7C69508B-43E1-4AC9-B7D9-A32A68320C0C}.Debug|x64.ActiveCfg = Debug|x64
		{7C69508B-43E1-4AC9-B7D9-A32A68320C0C}.Debug|x64.Build.0 = Debug|x64
		{7C69508B-43E1-4AC9-B7D9-A32A68320C0C}.Debug|x86.ActiveCfg = Debug|Win32
		{7C69508B-43E1-4AC9-B7D9-A32A68320C0C}.Debug|x86.Build.0 = Debug|Win32
		{7C69508B-43E1-4AC9-B7D9-A32A68320C0C}.Release|x64.ActiveCfg = Release|x64
		{7C69508B-43E1-4AC9-B7D9-A32A68320C0C}.Release|x64.Build.0 = Release|x64
		{7C69508B-43E1-4AC9-B7D9-A32A68320C0C}.Release|x86.ActiveCfg = Release|Win32
		{7C69508B-43E1-4AC9-B7D9-A32A68320C0C}.Release|x86.Build.0 = Release|Win32
		{EC9EFEF0-35AB-4433-98E2-DF62C8E7FD4F}.Debug|x64.ActiveCfg = Debug|x64
		{EC9EFEF0-35AB-4433-98E2-DF62C8E7FD4F}.Debug|x64.Build.0 = Debug|x64
		{EC9EFEF0-35AB-4433-98E2-DF62C8E7FD4F}.Debug|x86.ActiveCfg = Debug|Win32
		{EC9EFEF0-35AB-4433-98E2-DF62C8E7FD4F}.Debug|x86.Build.0 = Debug|Win32
		{EC9EFEF0-35AB-4433-98E2-DF62C8E7FD4F}.Release|x64.ActiveCfg = Release|x64
		{EC9EFEF0-35AB-4433-98E2-DF62C8E7FD4F}.Release|x64.Build.0 = Release|x64
		{EC9EFEF0-35AB-4433-98E2-DF62C8E7FD4F}.Release|x86.ActiveCfg = Release|Win32
		{EC9EFEF0-35AB-4433-98E2-DF62C8E7FD4F}.Release|x86.Build.0 = Release|Win32
		{7FBAB075-B755-422F-86DD-EE9195E4F7E5}.Debug|x64.ActiveCfg = Debug|x64
		{7FBAB075-B755-422F-86DD-EE9195E4F7E5}.Debug|x64.Build.0 = Debug|x64
		{7FBAB075-B755-422F-86DD-EE9195E4F7E5}.Debug|x86.ActiveCfg = Debug|Win32
		{7FBAB075-B755-422F-86DD-EE9195E4F7E5}.Debug|x86.Build.0 = Debug|Win32
		{7FBAB075-B755-422F-86DD-EE9195E4F7E5}.Release|x64.ActiveCfg = Release|x64
		{7FBAB075-B755-422F-86DD-EE9195E4F7E5}.Release|x64.Build.0 = Release|x64
		{7FBAB075-B755-422F-86DD-EE9195E4F7E5}.Release|x86.ActiveCfg = Release|Win32
		{7FBAB075-B755-422F-86DD-EE9195E4F7E5}.Release|x86.Build.0 = Release|Win32
		{B4FF54BF-381B-40A7-949E-8332742B91D1}.Debug|x64.ActiveCfg = Debug|x64
		{B4FF54BF-381B-40A7-949E-8332742B91D1}.Debug|x64.Build.0 = Debug|x64
		{B4FF54BF-381B-40A7-949E-8332742B91D1}.Debug|x86.ActiveCfg = Debug|Win32
		{B4FF54BF-381B-40A7-949E-8332742B91D1}.Debug|x86.Build.0 = Debug|Win32
		{B4FF54BF-381B-40A7-949E-8332742B91D1}.Release|x64.ActiveCfg = Release|x64
		{B4FF54BF-381B-40A7-949E-8332742B91D1}.Release|x64.Build.0 = Release|x64
		{B4FF54BF-381B-40A7-949E-8332742B91D1}.Release|x86.ActiveCfg = Release|Win32
		{B4FF54BF-381B-40A7-949E-8332742B91D1}.Release|x86.Build.0 = Release|Win32
		{5CDB794F-04C5-425F-AF68-E31EE84DB869}.Debug|x64.ActiveCfg = Debug|x64
		{5CDB794F-04C5-425F-AF68-E31EE84DB869}.Debug|x64.Build.0 = Debug|x64
		{5CDB794F-04C5-425F-AF68-E31EE84DB869}.Debug|x86.ActiveCfg = Debug|Win32
		{5CDB794F-04C5-425F-AF68-E31EE84DB869}.Debug|x86.Build.0 = Debug|Win32
		{5CDB794F-04C5-425F-AF68-E31EE84DB869}.Release|x64.ActiveCfg = Release|x64
		{5CDB794F-04C5-425F-AF68-E31EE84DB869}.Release|x64.Build.0 = Release|x64
		{5CDB794F-04C5-425F-AF68-E31EE84DB869}.Release|x86.ActiveCfg = Release|Win32
		{5CDB794F-04C5-425F-AF68-E31EE84DB869}.Release|x86.Build.0 = Release|Win32
		{183B7BE3-B615-40A4-AA0A-69C8617EF828}.Debug|x64.ActiveCfg = Debug|x64
		{183B7BE3-B615-40A4-AA0A-69C8617EF828}.Debug|x64.Build.0 = Debug|x64
		{183B7BE3-B615-40A4-AA0A-69C8617EF828}.Debug|x86.ActiveCfg = Debug|Win32
		{183B7BE3-B615-40A4-AA0A-69C8617EF828}.Debug|x86.Build.0 = Debug|Win32
		{183B7BE3-B615-40A4-AA0A-69C8617EF828}.Release|x64.ActiveCfg = Release|x64
		{183B7BE3-B615-40A4-AA0A-69C8617EF828}.Release|x64.Build.0 = Release|x64
		{183B7BE3-B615-40A4-AA0A-69C8617EF828}.Release|x86.ActiveCfg = Release|Win32
		{183B7BE3-B615-40A4-AA0A-69C8617EF828}.Release|x86.Build.0 = Release|Win32
		{84446C63-50CA-41B3-96D9-D16223CC3E3D}.Debug|x64.ActiveCfg = Debug|x64
		{84446C63-50CA-41B3-96D9-D16223CC3E3D}.Debug|x64.Build.0 = Debug|x64
		{84446C63-50CA-41B3-96D9-D16223CC3E3D}.Debug|x86.ActiveCfg = Debug|Win32
		{84446C63-50CA-41B3-96D9-D16223CC3E3D}.Debug|x86.Build.0 = Debug|Win32
		{84446C63-50CA-41B3-96D9-D16223CC3E3D}.Release|x64.ActiveCfg = Release|x64
		{84446C63-50CA-41B3-96D9-D16223CC3E3D}.Release|x64.Build.0 = Release|x64
		{84446C63-50CA-41B3-96D9-D16223CC3E3D}.Release|x86.ActiveCfg = Release|Win32
		{84446C63-50CA-41B3-96D9-D16223CC3E3D}.Release|x86.Build.0 = Release|Win32
		{F599692A-43D2-4ABD-9B98-24AE8BCD65BC}.Debug|x64.ActiveCfg = Debug|x64
		{F599692A-43D2-4ABD-9B98-24AE8BCD65BC}.Debug|x64.Build.0 = Debug|x64
		{F599692A-43D2-4ABD-9B98-24AE8BCD65BC}.Debug|x86.ActiveCfg = Debug|Win32
		{F599692A-43D2-4ABD-9B98-24AE8BCD65BC}.Debug|x86.Build.0 = Debug|Win32
		{F599692A-43D2-4ABD-9B98-24AE8BCD65BC}.Release|x64.ActiveCfg = Release|x64
		{F599692A-43D2-4ABD-9B98-24AE8BCD65BC}.Release|x64.Build.0 = Release|x64
		{F599692A-43D2-4ABD-9B98-24AE8BCD65BC}.Release|x86.ActiveCfg = Release|Win32
		{F599692A-43D2-4ABD-9B98-24AE8BCD65BC}.Release|x86.Build.0 = Release|Win32
		{5CC9D8F6-5ECB-43C6-9EB5-7BC81F7B2C5F}.Debug|x64.ActiveCfg = Debug|x64
		{5CC9D8F6-5ECB-43C6-9EB5-7BC81F7B2C5F}.Debug|x64.Build.0 = Debug|x64
		{5CC9D8F6-5ECB-43C6-9EB5-7BC81F7B2C5F}.Debug|x86.ActiveCfg = Debug|Win32
		{5CC9D8F6-5ECB-43C6-9EB5-7BC81F7B2C5F}.Debug|x86.Build.0 = Debug|Win32
		{5CC9D8F6-5ECB-43C6-9EB5-7BC81F7B2C5F}.Release|x64.ActiveCfg = Release|x64
		{5CC9D8F6-5ECB-43C6-9EB5-7BC81F7B2C5F}.Release|x64.Build.0 = Release|x64
		{5CC9D8F6-5ECB-43C6-9EB5-7BC81F7B2C5F}.Release|x86.ActiveCfg = Release|Win32
		{5CC9D8F6-5ECB-43C6-9EB5-7BC81F7B2C5F}.Release|x86.Build.0 = Release|Win32
		{39E55ED1-5F62-4A39-B904-E958221509E8}.Debug|x64.ActiveCfg = Debug|x64
		{39E55ED1-5F62-4A39-B904-E958221509E8}.Debug|x64.Build.0 = Debug|x64
		{39E55ED1-5F62-4A39-B904-E958221509E8}.Debug|x86.ActiveCfg = Debug|Win32
		{39E55ED1-5F62-4A39-B904-E958221509E8}.Debug|x86.Build.0 = Debug|Win32
		{39E55ED1-5F62-4A39-B904-E958221509E8}.Release|x64.ActiveCfg = Release|x64
		{39E55ED1-5F62-4A39-B904-E958221509E8}.Release|x64.Build.0 = Release|x64
		{39E55ED1-5F62-4A39-B904-E958221509E8}.Release|x86.ActiveCfg = Release|Win32
		{39E55ED1-5F62-4A39-B904-E958221509E8}.Release|x86.Build.0 = Release|Win32
		{DE3190B0-AF74-4E5B-98B4-FC8F950D392C}.Debug|x64.ActiveCfg = Debug|x64
		{DE3190B0-AF74-4E5B-98B4-FC8F950D392C}.Debug|x64.Build.0 = Debug|x64
		{DE3190B0-AF74-4E5B-98B4-FC8F950D392C}.Debug|x86.ActiveCfg = Debug|Win32
		{DE3190B0-AF74-4E5B-98B4-FC8F950D392C}.Debug|x86.Build.0 = Debug|Win32
		{DE3190B0-AF74-4E5B-98B4-FC8F950D392C}.Release|x64.ActiveCfg = Release|x64
		{DE3190B0-AF74-4E5B-98B4-FC8F950D392C}.Release|x64.Build.0 = Release|x64
		{DE3190B0-AF74-4E5B-98B4-FC8F950D392C}.Release|x86.ActiveCfg = Release|Win32
		{DE3190B0-AF74-4E5B-98B4-FC8F950D392C}.Release|x86.Build.0 = Release|Win32
		{8FF0A629-2F35-401A-986B-93B091C5F730}.Debug|x64.ActiveCfg = Debug|x64
		{8FF0A629-2F35-401A-986B-93B091C5F730}.Debug|x64.Build.0 = Debug|x64
		{8FF0A629-2F35-401A-986B-93B091C5F730}.Debug|x86.ActiveCfg = Debug|Win32
		{8FF0A629-2F35-401A-986B-93B091C5F730}.Debug|x86.Build.0 = Debug|Win32
		{8FF0A629-2F35-401A-986B-93B091C5F730}.Release|x64.ActiveCfg = Release|x64
		{8FF0A629-2F35-401A-986B-93B091C5F730}.Release|x64.Build.0 = Release|x64
		{8FF0A629-2F35-401A-986B-93B091C5F730}.Release|x86.ActiveCfg = Release|Win32
		{8FF0A629-2F35-401A-986B-93B091C5F730}.Release|x86.Build.0 = Release|Win32
		{41D616F7-DB35-4BDB-B48E-1FA24DAA90A0}.Debug|x64.ActiveCfg = Debug|x64
		{41D616F7-DB35-4BDB-B48E-1FA24DAA90A0}.Debug|x64.Build.0 = Debug|x64
		{41D616F7-DB35-4BDB-B48E-1FA24DAA90A0}.Debug|x86.ActiveCfg = Debug|Win32
		{41D616F7-DB35-4BDB-B48E-1FA24DAA90A0}.Debug|x86.Build.0 = Debug|Win32
		{41D616F7-DB35-4BDB-B48E-1FA24DAA90A0}.Release|x64.ActiveCfg = Release|x64
		{41D616F7-DB35-4BDB-B48E-1FA24DAA90A0}.Release|x64.Build.0 = Release|x64
		{41D616F7-DB35-4BDB-B48E-1FA24DAA90A0}.Release|x86.ActiveCfg = Release|Win32
		{41D616F7-DB35-4BDB-B48E-1FA24DAA90A0}.Release|x86.Build.0 = Release|Win32
		{76C8AFE3-B736-42B4-AAE8-E8CA694F9C87}.Debug|x64.ActiveCfg = Debug|x64
		{76C8AFE3-B736-42B4-AAE8-E8CA694F9C87}.Debug|x64.Build.0 = Debug|x64
		{76C8AFE3-B736-42B4-AAE8-E8CA694F9C87}.Debug|x86.ActiveCfg = Debug|Win32
		{76C8AFE3-B736-42B4-AAE8-E8CA694F9C87}.Debug|x86.Build.0 = Debug|Win32
		{76C8AFE3-B736-42B4-AAE8-E8CA694F9C87}.Release|x64.ActiveCfg = Release|x64
		{76C8AFE3-B736-42B4-AAE8-E8CA694F9C87}.Release|x64.Build.0 = Release|x64
		{76C8AFE3-B736-42B4-AAE8-E8CA694F9C87}.Release|x86.ActiveCfg = Release|Win32
		{76C8AFE3-B736-42B4-AAE8-E8CA694F9C87}.Release|x86.Build.0 = Release|Win32
		{4A0F009B-DA8D-42AC-B3F1-F0EDDD3D1291}.Debug|x64.ActiveCfg = Debug|x64
		{4A0F009B-DA8D-42AC-B3F1-F0EDDD3D1291}.Debug|x64.Build.0 = Debug|x64
		{4A0F009B-DA8D-42AC-B3F1-F0EDDD3D1291}.Debug|x86.ActiveCfg = Debug|Win32
		{4A0F009B-DA8D-42AC-B3F1-F0EDDD3D1291}.Debug|x86.Build.0 = Debug|Win32
		{4A0F009B-DA8D-42AC-B3F1-F0EDDD3D1291}.Release|x64.ActiveCfg = Release|x64
		{4A0F009B-DA8D-42AC-B3F1-F0EDDD3D1291}.Release|x64.Build.0 = Release|x64
		{4A0F009B-DA8D-42AC-B3F1-F0EDDD3D1291}.Release|x86.ActiveCfg = Release|Win32
		{4A0F009B-DA8D-42AC-B3F1-F0EDDD3D1291}.Release|x86.Build.0 = Release|Win32
		{EAB18E2B-FBA6-4D7A-B904-CDA502667A67}.Debug|x64.ActiveCfg = Debug|x64
		{EAB18E2B-FBA6-4D7A-B904-CDA502667A67}.Debug|x64.Build.0 = Debug|x64
		{EAB18E2B-FBA6-4D7A-B904-CDA502667A67}.Debug|x86.ActiveCfg = Debug|Win32
		{EAB18E2B-FBA6-4D7A-B904-CDA502667A67}.Debug|x86.Build.0 = Debug|Win32
		{EAB18E2B-FBA6-4D7A-B904-CDA502667A67}.Release|x64.ActiveCfg = Release|x64
		{EAB18E2B-FBA6-4D7A-B904-CDA502667A67}.Release|x64.Build.0 = Release|x64
		{EAB18E2B-FBA6-4D7A-B904-CDA502667A67}.Release|x86.ActiveCfg = Release|Win32
		{EAB18E2B-FBA6-4D7A-B904-CDA502667A67}.Release|x86.Build.0 = Release|Win32
		{0AC2067D-F08F-45F8-B603-59B5F4A14229}.Debug|x64.ActiveCfg = Debug|x64
		{0AC2067D-F08F-45F8-B603-59B5F4A14229}.Debug|x64.Build.0 = Debug|x64
		{0AC2067D-F08F-45F8-B603-59B5F4A14229}.Debug|x86.ActiveCfg = Debug|Win32
		{0AC2067D-F08F-45F8-B603-59B5F4A14229}.Debug|x86.Build.0 = Debug|Win32
		{0AC2067D-F08F-45F8-B603-59B5F4A14229}.Release|x64.ActiveCfg = Release|x64
		{0AC2067D-F08F-45F8-B603-59B5F4A14229}.Release|x64.Build.0 = Release|x64
		{0AC2067D-F08F-45F8-B603-59B5F4A14229}.Release|x86.ActiveCfg = Release|Win32
		{0AC2067D-F08F-45F8-B603-59B5F4A14229}.Release|x86.Build.0 = Release|Win32
	EndGlobalSection
	GlobalSection(SolutionProperties) = preSolution
		HideSolutionNode = FALSE
	EndGlobalSection
	GlobalSection(ExtensibilityGlobals) = postSolution
		SolutionGuid = {6A93720C-476F-4FC5-B3C5-288732902AF6}
	EndGlobalSection
EndGlobal
